# This file is autogenerated, do not edit; changes may be undone by the next 'dep ensure'.


[[projects]]
  branch = "master"
  digest = "1:47bcbdf2a60a0bdd142f07f60771078857310fd1ededeb03956add7c7f6bef33"
  name = "golang.org/x/exp"
  packages = ["rand"]
  pruneopts = "UT"
  revision = "d8bb7a16721e319e95865be2662b889387204776"

[[projects]]
  branch = "master"
  digest = "1:d8dae27673db7e2a9de32f90d514297714fd10b9d147c6d6df4b03bce6f53c1c"
  name = "gonum.org/v1/gonum"
  packages = [
    "blas",
    "blas/blas64",
    "blas/gonum",
    "floats",
    "graph",
    "graph/internal/linear",
    "graph/internal/ordered",
    "graph/internal/set",
    "graph/internal/uid",
    "graph/iterator",
    "graph/path",
    "graph/simple",
    "graph/traverse",
    "internal/asm/c128",
    "internal/asm/f32",
    "internal/asm/f64",
    "internal/math32",
    "lapack",
    "lapack/gonum",
    "lapack/lapack64",
    "mat",
  ]
  pruneopts = "UT"
  revision = "f48f3e4ab3b96361ce1ab00f2fc7919ca12d1356"

[solve-meta]
  analyzer-name = "dep"
  analyzer-version = 1
  input-imports = [
    "gonum.org/v1/gonum/graph/path",
    "gonum.org/v1/gonum/graph/simple",
  ]
  solver-name = "gps-cdcl"
  solver-version = 1
